
Microsoft Visual Studio Solution File, Format Version 12.00
# Visual Studio Version 16
VisualStudioVersion = 16.0.28803.352
MinimumVisualStudioVersion = 10.0.40219.1
Project("{FAE04EC0-301F-11D3-BF4B-00C04F79EFBC}") = "Searchfight", "Searchfight\Searchfight.csproj", "{ED5425D7-7316-4B02-BE35-7EB3AE5795AA}"
EndProject
Global
	GlobalSection(SolutionConfigurationPlatforms) = preSolution
		Debug|Any CPU = Debug|Any CPU
		Release|Any CPU = Release|Any CPU
	EndGlobalSection
	GlobalSection(ProjectConfigurationPlatforms) = postSolution
		{ED5425D7-7316-4B02-BE35-7EB3AE5795AA}.Debug|Any CPU.ActiveCfg = Debug|Any CPU
		{ED5425D7-7316-4B02-BE35-7EB3AE5795AA}.Debug|Any CPU.Build.0 = Debug|Any CPU
		{ED5425D7-7316-4B02-BE35-7EB3AE5795AA}.Release|Any CPU.ActiveCfg = Release|Any CPU
		{ED5425D7-7316-4B02-BE35-7EB3AE5795AA}.Release|Any CPU.Build.0 = Release|Any CPU
	EndGlobalSection
	GlobalSection(SolutionProperties) = preSolution
		HideSolutionNode = FALSE
	EndGlobalSection
	GlobalSection(ExtensibilityGlobals) = postSolution
		SolutionGuid = {3F355A3A-FDF3-4F5B-B266-F13398ADEA37}
	EndGlobalSection
EndGlobal
